
Microsoft Visual Studio Solution File, Format Version 12.00
# Visual Studio 2013
VisualStudioVersion = 12.0.30723.0
MinimumVisualStudioVersion = 10.0.40219.1
Project("{FAE04EC0-301F-11D3-BF4B-00C04F79EFBC}") = "Lab3", "Lab3\Lab3.csproj", "{198B16B5-E46E-4FF8-B92C-DCB4F15D293D}"
EndProject
Global
	GlobalSection(SolutionConfigurationPlatforms) = preSolution
		Debug|Any CPU = Debug|Any CPU
		Release|Any CPU = Release|Any CPU
	EndGlobalSection
	GlobalSection(ProjectConfigurationPlatforms) = postSolution
		{198B16B5-E46E-4FF8-B92C-DCB4F15D293D}.Debug|Any CPU.ActiveCfg = Debug|Any CPU
		{198B16B5-E46E-4FF8-B92C-DCB4F15D293D}.Debug|Any CPU.Build.0 = Debug|Any CPU
		{198B16B5-E46E-4FF8-B92C-DCB4F15D293D}.Release|Any CPU.ActiveCfg = Release|Any CPU
		{198B16B5-E46E-4FF8-B92C-DCB4F15D293D}.Release|Any CPU.Build.0 = Release|Any CPU
	EndGlobalSection
	GlobalSection(SolutionProperties) = preSolution
		HideSolutionNode = FALSE
	EndGlobalSection
EndGlobal
